
Microsoft Visual Studio Solution File, Format Version 12.00
# Visual Studio Version 17
VisualStudioVersion = 17.6.33829.357
MinimumVisualStudioVersion = 10.0.40219.1
Project("{FAE04EC0-301F-11D3-BF4B-00C04F79EFBC}") = "calculadora", "calculadora.csproj", "{E4734D3A-45A9-4A81-8857-E95EB92A41FF}"
EndProject
Global
	GlobalSection(SolutionConfigurationPlatforms) = preSolution
		Debug|Any CPU = Debug|Any CPU
		Release|Any CPU = Release|Any CPU
	EndGlobalSection
	GlobalSection(ProjectConfigurationPlatforms) = postSolution
		{E4734D3A-45A9-4A81-8857-E95EB92A41FF}.Debug|Any CPU.ActiveCfg = Debug|Any CPU
		{E4734D3A-45A9-4A81-8857-E95EB92A41FF}.Debug|Any CPU.Build.0 = Debug|Any CPU
		{E4734D3A-45A9-4A81-8857-E95EB92A41FF}.Release|Any CPU.ActiveCfg = Release|Any CPU
		{E4734D3A-45A9-4A81-8857-E95EB92A41FF}.Release|Any CPU.Build.0 = Release|Any CPU
	EndGlobalSection
	GlobalSection(SolutionProperties) = preSolution
		HideSolutionNode = FALSE
	EndGlobalSection
	GlobalSection(ExtensibilityGlobals) = postSolution
		SolutionGuid = {473BF3C3-BC66-4DDA-8616-E9CA9DFF5248}
	EndGlobalSection
EndGlobal
